
Microsoft Visual Studio Solution File, Format Version 12.00
# Visual Studio Version 16
VisualStudioVersion = 16.0.30621.155
MinimumVisualStudioVersion = 10.0.40219.1
Project("{FAE04EC0-301F-11D3-BF4B-00C04F79EFBC}") = "WinFormServer", "WinFormServer.csproj", "{500E8ADA-6267-4E3E-A272-C40C95019960}"
EndProject
Global
	GlobalSection(SolutionConfigurationPlatforms) = preSolution
		Debug|Any CPU = Debug|Any CPU
		Release|Any CPU = Release|Any CPU
	EndGlobalSection
	GlobalSection(ProjectConfigurationPlatforms) = postSolution
		{500E8ADA-6267-4E3E-A272-C40C95019960}.Debug|Any CPU.ActiveCfg = Debug|Any CPU
		{500E8ADA-6267-4E3E-A272-C40C95019960}.Debug|Any CPU.Build.0 = Debug|Any CPU
		{500E8ADA-6267-4E3E-A272-C40C95019960}.Release|Any CPU.ActiveCfg = Release|Any CPU
		{500E8ADA-6267-4E3E-A272-C40C95019960}.Release|Any CPU.Build.0 = Release|Any CPU
	EndGlobalSection
	GlobalSection(SolutionProperties) = preSolution
		HideSolutionNode = FALSE
	EndGlobalSection
	GlobalSection(ExtensibilityGlobals) = postSolution
		SolutionGuid = {60907104-03D5-4A9A-8193-23A45B014D82}
	EndGlobalSection
EndGlobal
